
Microsoft Visual Studio Solution File, Format Version 11.00
# Visual Studio 2010
# SharpDevelop 4.3
Project("{FAE04EC0-301F-11D3-BF4B-00C04F79EFBC}") = "Practica6", "Practica6\Practica6.csproj", "{9EE853AE-5FCA-4E62-B35D-4020EFD45DED}"
EndProject
Global
	GlobalSection(SolutionConfigurationPlatforms) = preSolution
		Debug|Any CPU = Debug|Any CPU
		Release|Any CPU = Release|Any CPU
	EndGlobalSection
	GlobalSection(ProjectConfigurationPlatforms) = postSolution
		{9EE853AE-5FCA-4E62-B35D-4020EFD45DED}.Debug|Any CPU.Build.0 = Debug|Any CPU
		{9EE853AE-5FCA-4E62-B35D-4020EFD45DED}.Debug|Any CPU.ActiveCfg = Debug|Any CPU
		{9EE853AE-5FCA-4E62-B35D-4020EFD45DED}.Release|Any CPU.Build.0 = Release|Any CPU
		{9EE853AE-5FCA-4E62-B35D-4020EFD45DED}.Release|Any CPU.ActiveCfg = Release|Any CPU
	EndGlobalSection
EndGlobal
